
Microsoft Visual Studio Solution File, Format Version 12.00
# Visual Studio Version 17
VisualStudioVersion = 17.5.33502.453
MinimumVisualStudioVersion = 10.0.40219.1
Project("{FAE04EC0-301F-11D3-BF4B-00C04F79EFBC}") = "ConsoleApp57", "ConsoleApp57\ConsoleApp57.csproj", "{94B43E95-842F-4C82-99ED-ECD0F8E08E40}"
EndProject
Global
	GlobalSection(SolutionConfigurationPlatforms) = preSolution
		Debug|Any CPU = Debug|Any CPU
		Release|Any CPU = Release|Any CPU
	EndGlobalSection
	GlobalSection(ProjectConfigurationPlatforms) = postSolution
		{94B43E95-842F-4C82-99ED-ECD0F8E08E40}.Debug|Any CPU.ActiveCfg = Debug|Any CPU
		{94B43E95-842F-4C82-99ED-ECD0F8E08E40}.Debug|Any CPU.Build.0 = Debug|Any CPU
		{94B43E95-842F-4C82-99ED-ECD0F8E08E40}.Release|Any CPU.ActiveCfg = Release|Any CPU
		{94B43E95-842F-4C82-99ED-ECD0F8E08E40}.Release|Any CPU.Build.0 = Release|Any CPU
	EndGlobalSection
	GlobalSection(SolutionProperties) = preSolution
		HideSolutionNode = FALSE
	EndGlobalSection
	GlobalSection(ExtensibilityGlobals) = postSolution
		SolutionGuid = {176106BD-BEAF-4600-81DC-FE296E0CBB37}
	EndGlobalSection
EndGlobal
